
Microsoft Visual Studio Solution File, Format Version 12.00
# Visual Studio Version 16
VisualStudioVersion = 16.0.31402.337
MinimumVisualStudioVersion = 10.0.40219.1
Project("{9A19103F-16F7-4668-BE54-9A1E7A4F7556}") = "PlannerApp", "PlannerApp\PlannerApp.csproj", "{659ACB3D-ACEC-4DF8-8ECC-1285A740DB08}"
EndProject
Project("{9A19103F-16F7-4668-BE54-9A1E7A4F7556}") = "PlannerApp.Shared", "PlannerApp.Shared\PlannerApp.Shared.csproj", "{D995190E-0514-4CAF-9BAC-519D029F8DEA}"
EndProject
Project("{9A19103F-16F7-4668-BE54-9A1E7A4F7556}") = "PlannerApp.Client.Services", "PlannerApp.Client.Services\PlannerApp.Client.Services.csproj", "{E68A40DA-89AC-4975-8620-9DCC54D25206}"
EndProject
Global
	GlobalSection(SolutionConfigurationPlatforms) = preSolution
		Debug|Any CPU = Debug|Any CPU
		Release|Any CPU = Release|Any CPU
	EndGlobalSection
	GlobalSection(ProjectConfigurationPlatforms) = postSolution
		{659ACB3D-ACEC-4DF8-8ECC-1285A740DB08}.Debug|Any CPU.ActiveCfg = Debug|Any CPU
		{659ACB3D-ACEC-4DF8-8ECC-1285A740DB08}.Debug|Any CPU.Build.0 = Debug|Any CPU
		{659ACB3D-ACEC-4DF8-8ECC-1285A740DB08}.Release|Any CPU.ActiveCfg = Release|Any CPU
		{659ACB3D-ACEC-4DF8-8ECC-1285A740DB08}.Release|Any CPU.Build.0 = Release|Any CPU
		{D995190E-0514-4CAF-9BAC-519D029F8DEA}.Debug|Any CPU.ActiveCfg = Debug|Any CPU
		{D995190E-0514-4CAF-9BAC-519D029F8DEA}.Debug|Any CPU.Build.0 = Debug|Any CPU
		{D995190E-0514-4CAF-9BAC-519D029F8DEA}.Release|Any CPU.ActiveCfg = Release|Any CPU
		{D995190E-0514-4CAF-9BAC-519D029F8DEA}.Release|Any CPU.Build.0 = Release|Any CPU
		{E68A40DA-89AC-4975-8620-9DCC54D25206}.Debug|Any CPU.ActiveCfg = Debug|Any CPU
		{E68A40DA-89AC-4975-8620-9DCC54D25206}.Debug|Any CPU.Build.0 = Debug|Any CPU
		{E68A40DA-89AC-4975-8620-9DCC54D25206}.Release|Any CPU.ActiveCfg = Release|Any CPU
		{E68A40DA-89AC-4975-8620-9DCC54D25206}.Release|Any CPU.Build.0 = Release|Any CPU
	EndGlobalSection
	GlobalSection(SolutionProperties) = preSolution
		HideSolutionNode = FALSE
	EndGlobalSection
	GlobalSection(ExtensibilityGlobals) = postSolution
		SolutionGuid = {5EC7BBB4-3D33-4514-A2B3-A516E6FD20C6}
	EndGlobalSection
EndGlobal
